
Microsoft Visual Studio Solution File, Format Version 12.00
# Visual Studio 15
VisualStudioVersion = 15.0.28307.1231
MinimumVisualStudioVersion = 10.0.40219.1
Project("{8BC9CEB8-8B4A-11D0-8D11-00A0C91BC942}") = "Term4", "Term4\Term4.vcxproj", "{05762644-6DCC-4B3A-B879-CE6ECBAC1A88}"
EndProject
Project("{8BC9CEB8-8B4A-11D0-8D11-00A0C91BC942}") = "Lab1", "Lab1\Lab1.vcxproj", "{E4B05B77-4B00-48F8-8419-1FCB95C2B6E9}"
EndProject
Global
	GlobalSection(SolutionConfigurationPlatforms) = preSolution
		Debug|x64 = Debug|x64
		Debug|x86 = Debug|x86
		Release|x64 = Release|x64
		Release|x86 = Release|x86
	EndGlobalSection
	GlobalSection(ProjectConfigurationPlatforms) = postSolution
		{05762644-6DCC-4B3A-B879-CE6ECBAC1A88}.Debug|x64.ActiveCfg = Debug|x64
		{05762644-6DCC-4B3A-B879-CE6ECBAC1A88}.Debug|x64.Build.0 = Debug|x64
		{05762644-6DCC-4B3A-B879-CE6ECBAC1A88}.Debug|x86.ActiveCfg = Debug|Win32
		{05762644-6DCC-4B3A-B879-CE6ECBAC1A88}.Debug|x86.Build.0 = Debug|Win32
		{05762644-6DCC-4B3A-B879-CE6ECBAC1A88}.Release|x64.ActiveCfg = Release|x64
		{05762644-6DCC-4B3A-B879-CE6ECBAC1A88}.Release|x64.Build.0 = Release|x64
		{05762644-6DCC-4B3A-B879-CE6ECBAC1A88}.Release|x86.ActiveCfg = Release|Win32
		{05762644-6DCC-4B3A-B879-CE6ECBAC1A88}.Release|x86.Build.0 = Release|Win32
		{E4B05B77-4B00-48F8-8419-1FCB95C2B6E9}.Debug|x64.ActiveCfg = Debug|x64
		{E4B05B77-4B00-48F8-8419-1FCB95C2B6E9}.Debug|x64.Build.0 = Debug|x64
		{E4B05B77-4B00-48F8-8419-1FCB95C2B6E9}.Debug|x86.ActiveCfg = Debug|Win32
		{E4B05B77-4B00-48F8-8419-1FCB95C2B6E9}.Debug|x86.Build.0 = Debug|Win32
		{E4B05B77-4B00-48F8-8419-1FCB95C2B6E9}.Release|x64.ActiveCfg = Release|x64
		{E4B05B77-4B00-48F8-8419-1FCB95C2B6E9}.Release|x64.Build.0 = Release|x64
		{E4B05B77-4B00-48F8-8419-1FCB95C2B6E9}.Release|x86.ActiveCfg = Release|Win32
		{E4B05B77-4B00-48F8-8419-1FCB95C2B6E9}.Release|x86.Build.0 = Release|Win32
	EndGlobalSection
	GlobalSection(SolutionProperties) = preSolution
		HideSolutionNode = FALSE
	EndGlobalSection
	GlobalSection(ExtensibilityGlobals) = postSolution
		SolutionGuid = {ECE83705-7247-4F66-8D8D-80C2A345A490}
	EndGlobalSection
EndGlobal
